
Microsoft Visual Studio Solution File, Format Version 12.00
# Visual Studio Version 16
VisualStudioVersion = 16.0.30907.101
MinimumVisualStudioVersion = 10.0.40219.1
Project("{FAE04EC0-301F-11D3-BF4B-00C04F79EFBC}") = "ClashSharp", "ClashSharp\ClashSharp.csproj", "{6B69D2BB-3E36-49C8-A571-4F3C47967794}"
EndProject
Global
	GlobalSection(SolutionConfigurationPlatforms) = preSolution
		Debug|Any CPU = Debug|Any CPU
		Release|Any CPU = Release|Any CPU
	EndGlobalSection
	GlobalSection(ProjectConfigurationPlatforms) = postSolution
		{6B69D2BB-3E36-49C8-A571-4F3C47967794}.Debug|Any CPU.ActiveCfg = Debug|Any CPU
		{6B69D2BB-3E36-49C8-A571-4F3C47967794}.Debug|Any CPU.Build.0 = Debug|Any CPU
		{6B69D2BB-3E36-49C8-A571-4F3C47967794}.Release|Any CPU.ActiveCfg = Release|Any CPU
		{6B69D2BB-3E36-49C8-A571-4F3C47967794}.Release|Any CPU.Build.0 = Release|Any CPU
	EndGlobalSection
	GlobalSection(SolutionProperties) = preSolution
		HideSolutionNode = FALSE
	EndGlobalSection
	GlobalSection(ExtensibilityGlobals) = postSolution
		SolutionGuid = {01323D06-B181-412C-B0F6-A512A3A8F5BE}
	EndGlobalSection
EndGlobal
